// !$*UTF8*$!
{
	archiveVersion = 1;
	classes = {
	};
	objectVersion = 46;
	objects = {

/* Begin PBXBuildFile section */
		24E37BC5195BC11B00DABF5D /* Foundation.framework in Frameworks */ = {isa = PBXBuildFile; fileRef = 24E37BC4195BC11B00DABF5D /* Foundation.framework */; };
		24E37BC7195BC11B00DABF5D /* CoreGraphics.framework in Frameworks */ = {isa = PBXBuildFile; fileRef = 24E37BC6195BC11B00DABF5D /* CoreGraphics.framework */; };
		24E37BC9195BC11B00DABF5D /* UIKit.framework in Frameworks */ = {isa = PBXBuildFile; fileRef = 24E37BC8195BC11B00DABF5D /* UIKit.framework */; };
		24E37BCF195BC11B00DABF5D /* InfoPlist.strings in Resources */ = {isa = PBXBuildFile; fileRef = 24E37BCD195BC11B00DABF5D /* InfoPlist.strings */; };
		24E37BD1195BC11B00DABF5D /* main.m in Sources */ = {isa = PBXBuildFile; fileRef = 24E37BD0195BC11B00DABF5D /* main.m */; };
		24E37BD5195BC11B00DABF5D /* AppDelegate.m in Sources */ = {isa = PBXBuildFile; fileRef = 24E37BD4195BC11B00DABF5D /* AppDelegate.m */; };
		24E37BD8195BC11B00DABF5D /* Main.storyboard in Resources */ = {isa = PBXBuildFile; fileRef = 24E37BD6195BC11B00DABF5D /* Main.storyboard */; };
		24E37BDB195BC11B00DABF5D /* ViewController.m in Sources */ = {isa = PBXBuildFile; fileRef = 24E37BDA195BC11B00DABF5D /* ViewController.m */; };
		24E37BDD195BC11B00DABF5D /* Images.xcassets in Resources */ = {isa = PBXBuildFile; fileRef = 24E37BDC195BC11B00DABF5D /* Images.xcassets */; };
		24E37BE4195BC11B00DABF5D /* XCTest.framework in Frameworks */ = {isa = PBXBuildFile; fileRef = 24E37BE3195BC11B00DABF5D /* XCTest.framework */; };
		24E37BE5195BC11B00DABF5D /* Foundation.framework in Frameworks */ = {isa = PBXBuildFile; fileRef = 24E37BC4195BC11B00DABF5D /* Foundation.framework */; };
		24E37BE6195BC11B00DABF5D /* UIKit.framework in Frameworks */ = {isa = PBXBuildFile; fileRef = 24E37BC8195BC11B00DABF5D /* UIKit.framework */; };
		24E37BEE195BC11B00DABF5D /* InfoPlist.strings in Resources */ = {isa = PBXBuildFile; fileRef = 24E37BEC195BC11B00DABF5D /* InfoPlist.strings */; };
		24E37BF0195BC11B00DABF5D /* datapickerTests.m in Sources */ = {isa = PBXBuildFile; fileRef = 24E37BEF195BC11B00DABF5D /* datapickerTests.m */; };
/* End PBXBuildFile section */

/* Begin PBXContainerItemProxy section */
		24E37BE7195BC11B00DABF5D /* PBXContainerItemProxy */ = {
			isa = PBXContainerItemProxy;
			containerPortal = 24E37BB9195BC11B00DABF5D /* Project object */;
			proxyType = 1;
			remoteGlobalIDString = 24E37BC0195BC11B00DABF5D;
			remoteInfo = datapicker;
		};
/* End PBXContainerItemProxy section */

/* Begin PBXFileReference section */
		24E37BC1195BC11B00DABF5D /* datapicker.app */ = {isa = PBXFileReference; explicitFileType = wrapper.application; includeInIndex = 0; path = datapicker.app; sourceTree = BUILT_PRODUCTS_DIR; };
		24E37BC4195BC11B00DABF5D /* Foundation.framework */ = {isa = PBXFileReference; lastKnownFileType = wrapper.framework; name = Foundation.framework; path = System/Library/Frameworks/Foundation.framework; sourceTree = SDKROOT; };
		24E37BC6195BC11B00DABF5D /* CoreGraphics.framework */ = {isa = PBXFileReference; lastKnownFileType = wrapper.framework; name = CoreGraphics.framework; path = System/Library/Frameworks/CoreGraphics.framework; sourceTree = SDKROOT; };
		24E37BC8195BC11B00DABF5D /* UIKit.framework */ = {isa = PBXFileReference; lastKnownFileType = wrapper.framework; name = UIKit.framework; path = System/Library/Frameworks/UIKit.framework; sourceTree = SDKROOT; };
		24E37BCC195BC11B00DABF5D /* datapicker-Info.plist */ = {isa = PBXFileReference; lastKnownFileType = text.plist.xml; path = "datapicker-Info.plist"; sourceTree = "<group>"; };
		24E37BCE195BC11B00DABF5D /* en */ = {isa = PBXFileReference; lastKnownFileType = text.plist.strings; name = en; path = en.lproj/InfoPlist.strings; sourceTree = "<group>"; };
		24E37BD0195BC11B00DABF5D /* main.m */ = {isa = PBXFileReference; lastKnownFileType = sourcecode.c.objc; path = main.m; sourceTree = "<group>"; };
		24E37BD2195BC11B00DABF5D /* datapicker-Prefix.pch */ = {isa = PBXFileReference; lastKnownFileType = sourcecode.c.h; path = "datapicker-Prefix.pch"; sourceTree = "<group>"; };
		24E37BD3195BC11B00DABF5D /* AppDelegate.h */ = {isa = PBXFileReference; lastKnownFileType = sourcecode.c.h; path = AppDelegate.h; sourceTree = "<group>"; };
		24E37BD4195BC11B00DABF5D /* AppDelegate.m */ = {isa = PBXFileReference; lastKnownFileType = sourcecode.c.objc; path = AppDelegate.m; sourceTree = "<group>"; };
		24E37BD7195BC11B00DABF5D /* Base */ = {isa = PBXFileReference; lastKnownFileType = file.storyboard; name = Base; path = Base.lproj/Main.storyboard; sourceTree = "<group>"; };
		24E37BD9195BC11B00DABF5D /* ViewController.h */ = {isa = PBXFileReference; lastKnownFileType = sourcecode.c.h; path = ViewController.h; sourceTree = "<group>"; };
		24E37BDA195BC11B00DABF5D /* ViewController.m */ = {isa = PBXFileReference; lastKnownFileType = sourcecode.c.objc; path = ViewController.m; sourceTree = "<group>"; };
		24E37BDC195BC11B00DABF5D /* Images.xcassets */ = {isa = PBXFileReference; lastKnownFileType = folder.assetcatalog; path = Images.xcassets; sourceTree = "<group>"; };
		24E37BE2195BC11B00DABF5D /* datapickerTests.xctest */ = {isa = PBXFileReference; explicitFileType = wrapper.cfbundle; includeInIndex = 0; path = datapickerTests.xctest; sourceTree = BUILT_PRODUCTS_DIR; };
		24E37BE3195BC11B00DABF5D /* XCTest.framework */ = {isa = PBXFileReference; lastKnownFileType = wrapper.framework; name = XCTest.framework; path = Library/Frameworks/XCTest.framework; sourceTree = DEVELOPER_DIR; };
		24E37BEB195BC11B00DABF5D /* datapickerTests-Info.plist */ = {isa = PBXFileReference; lastKnownFileType = text.plist.xml; path = "datapickerTests-Info.plist"; sourceTree = "<group>"; };
		24E37BED195BC11B00DABF5D /* en */ = {isa = PBXFileReference; lastKnownFileType = text.plist.strings; name = en; path = en.lproj/InfoPlist.strings; sourceTree = "<group>"; };
		24E37BEF195BC11B00DABF5D /* datapickerTests.m */ = {isa = PBXFileReference; lastKnownFileType = sourcecode.c.objc; path = datapickerTests.m; sourceTree = "<group>"; };
/* End PBXFileReference section */

/* Begin PBXFrameworksBuildPhase section */
		24E37BBE195BC11B00DABF5D /* Frameworks */ = {
			isa = PBXFrameworksBuildPhase;
			buildActionMask = 2147483647;
			files = (
				24E37BC7195BC11B00DABF5D /* CoreGraphics.framework in Frameworks */,
				24E37BC9195BC11B00DABF5D /* UIKit.framework in Frameworks */,
				24E37BC5195BC11B00DABF5D /* Foundation.framework in Frameworks */,
			);
			runOnlyForDeploymentPostprocessing = 0;
		};
		24E37BDF195BC11B00DABF5D /* Frameworks */ = {
			isa = PBXFrameworksBuildPhase;
			buildActionMask = 2147483647;
			files = (
				24E37BE4195BC11B00DABF5D /* XCTest.framework in Frameworks */,
				24E37BE6195BC11B00DABF5D /* UIKit.framework in Frameworks */,
				24E37BE5195BC11B00DABF5D /* Foundation.framework in Frameworks */,
			);
			runOnlyForDeploymentPostprocessing = 0;
		};
/* End PBXFrameworksBuildPhase section */

/* Begin PBXGroup section */
		24E37BB8195BC11B00DABF5D = {
			isa = PBXGroup;
			children = (
				24E37BCA195BC11B00DABF5D /* datapicker */,
				24E37BE9195BC11B00DABF5D /* datapickerTests */,
				24E37BC3195BC11B00DABF5D /* Frameworks */,
				24E37BC2195BC11B00DABF5D /* Products */,
			);
			sourceTree = "<group>";
		};
		24E37BC2195BC11B00DABF5D /* Products */ = {
			isa = PBXGroup;
			children = (
				24E37BC1195BC11B00DABF5D /* datapicker.app */,
				24E37BE2195BC11B00DABF5D /* datapickerTests.xctest */,
			);
			name = Products;
			sourceTree = "<group>";
		};
		24E37BC3195BC11B00DABF5D /* Frameworks */ = {
			isa = PBXGroup;
			children = (
				24E37BC4195BC11B00DABF5D /* Foundation.framework */,
				24E37BC6195BC11B00DABF5D /* CoreGraphics.framework */,
				24E37BC8195BC11B00DABF5D /* UIKit.framework */,
				24E37BE3195BC11B00DABF5D /* XCTest.framework */,
			);
			name = Frameworks;
			sourceTree = "<group>";
		};
		24E37BCA195BC11B00DABF5D /* datapicker */ = {
			isa = PBXGroup;
			children = (
				24E37BD3195BC11B00DABF5D /* AppDelegate.h */,
				24E37BD4195BC11B00DABF5D /* AppDelegate.m */,
				24E37BD6195BC11B00DABF5D /* Main.storyboard */,
				24E37BD9195BC11B00DABF5D /* ViewController.h */,
				24E37BDA195BC11B00DABF5D /* ViewController.m */,
				24E37BDC195BC11B00DABF5D /* Images.xcassets */,
				24E37BCB195BC11B00DABF5D /* Supporting Files */,
			);
			path = datapicker;
			sourceTree = "<group>";
		};
		24E37BCB195BC11B00DABF5D /* Supporting Files */ = {
			isa = PBXGroup;
			children = (
				24E37BCC195BC11B00DABF5D /* datapicker-Info.plist */,
				24E37BCD195BC11B00DABF5D /* InfoPlist.strings */,
				24E37BD0195BC11B00DABF5D /* main.m */,
				24E37BD2195BC11B00DABF5D /* datapicker-Prefix.pch */,
			);
			name = "Supporting Files";
			sourceTree = "<group>";
		};
		24E37BE9195BC11B00DABF5D /* datapickerTests */ = {
			isa = PBXGroup;
			children = (
				24E37BEF195BC11B00DABF5D /* datapickerTests.m */,
				24E37BEA195BC11B00DABF5D /* Supporting Files */,
			);
			path = datapickerTests;
			sourceTree = "<group>";
		};
		24E37BEA195BC11B00DABF5D /* Supporting Files */ = {
			isa = PBXGroup;
			children = (
				24E37BEB195BC11B00DABF5D /* datapickerTests-Info.plist */,
				24E37BEC195BC11B00DABF5D /* InfoPlist.strings */,
			);
			name = "Supporting Files";
			sourceTree = "<group>";
		};
/* End PBXGroup section */

/* Begin PBXNativeTarget section */
		24E37BC0195BC11B00DABF5D /* datapicker */ = {
			isa = PBXNativeTarget;
			buildConfigurationList = 24E37BF3195BC11B00DABF5D /* Build configuration list for PBXNativeTarget "datapicker" */;
			buildPhases = (
				24E37BBD195BC11B00DABF5D /* Sources */,
				24E37BBE195BC11B00DABF5D /* Frameworks */,
				24E37BBF195BC11B00DABF5D /* Resources */,
			);
			buildRules = (
			);
			dependencies = (
			);
			name = datapicker;
			productName = datapicker;
			productReference = 24E37BC1195BC11B00DABF5D /* datapicker.app */;
			productType = "com.apple.product-type.application";
		};
		24E37BE1195BC11B00DABF5D /* datapickerTests */ = {
			isa = PBXNativeTarget;
			buildConfigurationList = 24E37BF6195BC11B00DABF5D /* Build configuration list for PBXNativeTarget "datapickerTests" */;
			buildPhases = (
				24E37BDE195BC11B00DABF5D /* Sources */,
				24E37BDF195BC11B00DABF5D /* Frameworks */,
				24E37BE0195BC11B00DABF5D /* Resources */,
			);
			buildRules = (
			);
			dependencies = (
				24E37BE8195BC11B00DABF5D /* PBXTargetDependency */,
			);
			name = datapickerTests;
			productName = datapickerTests;
			productReference = 24E37BE2195BC11B00DABF5D /* datapickerTests.xctest */;
			productType = "com.apple.product-type.bundle.unit-test";
		};
/* End PBXNativeTarget section */

/* Begin PBXProject section */
		24E37BB9195BC11B00DABF5D /* Project object */ = {
			isa = PBXProject;
			attributes = {
				LastUpgradeCheck = 0510;
				ORGANIZATIONNAME = "shun-ichiro sugamura";
				TargetAttributes = {
					24E37BE1195BC11B00DABF5D = {
						TestTargetID = 24E37BC0195BC11B00DABF5D;
					};
				};
			};
			buildConfigurationList = 24E37BBC195BC11B00DABF5D /* Build configuration list for PBXProject "datapicker" */;
			compatibilityVersion = "Xcode 3.2";
			developmentRegion = English;
			hasScannedForEncodings = 0;
			knownRegions = (
				en,
				Base,
			);
			mainGroup = 24E37BB8195BC11B00DABF5D;
			productRefGroup = 24E37BC2195BC11B00DABF5D /* Products */;
			projectDirPath = "";
			projectRoot = "";
			targets = (
				24E37BC0195BC11B00DABF5D /* datapicker */,
				24E37BE1195BC11B00DABF5D /* datapickerTests */,
			);
		};
/* End PBXProject section */

/* Begin PBXResourcesBuildPhase section */
		24E37BBF195BC11B00DABF5D /* Resources */ = {
			isa = PBXResourcesBuildPhase;
			buildActionMask = 2147483647;
			files = (
				24E37BDD195BC11B00DABF5D /* Images.xcassets in Resources */,
				24E37BCF195BC11B00DABF5D /* InfoPlist.strings in Resources */,
				24E37BD8195BC11B00DABF5D /* Main.storyboard in Resources */,
			);
			runOnlyForDeploymentPostprocessing = 0;
		};
		24E37BE0195BC11B00DABF5D /* Resources */ = {
			isa = PBXResourcesBuildPhase;
			buildActionMask = 2147483647;
			files = (
				24E37BEE195BC11B00DABF5D /* InfoPlist.strings in Resources */,
			);
			runOnlyForDeploymentPostprocessing = 0;
		};
/* End PBXResourcesBuildPhase section */

/* Begin PBXSourcesBuildPhase section */
		24E37BBD195BC11B00DABF5D /* Sources */ = {
			isa = PBXSourcesBuildPhase;
			buildActionMask = 2147483647;
			files = (
				24E37BDB195BC11B00DABF5D /* ViewController.m in Sources */,
				24E37BD5195BC11B00DABF5D /* AppDelegate.m in Sources */,
				24E37BD1195BC11B00DABF5D /* main.m in Sources */,
			);
			runOnlyForDeploymentPostprocessing = 0;
		};
		24E37BDE195BC11B00DABF5D /* Sources */ = {
			isa = PBXSourcesBuildPhase;
			buildActionMask = 2147483647;
			files = (
				24E37BF0195BC11B00DABF5D /* datapickerTests.m in Sources */,
			);
			runOnlyForDeploymentPostprocessing = 0;
		};
/* End PBXSourcesBuildPhase section */

/* Begin PBXTargetDependency section */
		24E37BE8195BC11B00DABF5D /* PBXTargetDependency */ = {
			isa = PBXTargetDependency;
			target = 24E37BC0195BC11B00DABF5D /* datapicker */;
			targetProxy = 24E37BE7195BC11B00DABF5D /* PBXContainerItemProxy */;
		};
/* End PBXTargetDependency section */

/* Begin PBXVariantGroup section */
		24E37BCD195BC11B00DABF5D /* InfoPlist.strings */ = {
			isa = PBXVariantGroup;
			children = (
				24E37BCE195BC11B00DABF5D /* en */,
			);
			name = InfoPlist.strings;
			sourceTree = "<group>";
		};
		24E37BD6195BC11B00DABF5D /* Main.storyboard */ = {
			isa = PBXVariantGroup;
			children = (
				24E37BD7195BC11B00DABF5D /* Base */,
			);
			name = Main.storyboard;
			sourceTree = "<group>";
		};
		24E37BEC195BC11B00DABF5D /* InfoPlist.strings */ = {
			isa = PBXVariantGroup;
			children = (
				24E37BED195BC11B00DABF5D /* en */,
			);
			name = InfoPlist.strings;
			sourceTree = "<group>";
		};
/* End PBXVariantGroup section */

/* Begin XCBuildConfiguration section */
		24E37BF1195BC11B00DABF5D /* Debug */ = {
			isa = XCBuildConfiguration;
			buildSettings = {
				ALWAYS_SEARCH_USER_PATHS = NO;
				CLANG_CXX_LANGUAGE_STANDARD = "gnu++0x";
				CLANG_CXX_LIBRARY = "libc++";
				CLANG_ENABLE_MODULES = YES;
				CLANG_ENABLE_OBJC_ARC = YES;
				CLANG_WARN_BOOL_CONVERSION = YES;
				CLANG_WARN_CONSTANT_CONVERSION = YES;
				CLANG_WARN_DIRECT_OBJC_ISA_USAGE = YES_ERROR;
				CLANG_WARN_EMPTY_BODY = YES;
				CLANG_WARN_ENUM_CONVERSION = YES;
				CLANG_WARN_INT_CONVERSION = YES;
				CLANG_WARN_OBJC_ROOT_CLASS = YES_ERROR;
				CLANG_WARN__DUPLICATE_METHOD_MATCH = YES;
				"CODE_SIGN_IDENTITY[sdk=iphoneos*]" = "iPhone Developer";
				COPY_PHASE_STRIP = NO;
				GCC_C_LANGUAGE_STANDARD = gnu99;
				GCC_DYNAMIC_NO_PIC = NO;
				GCC_OPTIMIZATION_LEVEL = 0;
				GCC_PREPROCESSOR_DEFINITIONS = (
					"DEBUG=1",
					"$(inherited)",
				);
				GCC_SYMBOLS_PRIVATE_EXTERN = NO;
				GCC_WARN_64_TO_32_BIT_CONVERSION = YES;
				GCC_WARN_ABOUT_RETURN_TYPE = YES_ERROR;
				GCC_WARN_UNDECLARED_SELECTOR = YES;
				GCC_WARN_UNINITIALIZED_AUTOS = YES_AGGRESSIVE;
				GCC_WARN_UNUSED_FUNCTION = YES;
				GCC_WARN_UNUSED_VARIABLE = YES;
				IPHONEOS_DEPLOYMENT_TARGET = 7.1;
				ONLY_ACTIVE_ARCH = YES;
				SDKROOT = iphoneos;
			};
			name = Debug;
		};
		24E37BF2195BC11B00DABF5D /* Release */ = {
			isa = XCBuildConfiguration;
			buildSettings = {
				ALWAYS_SEARCH_USER_PATHS = NO;
				CLANG_CXX_LANGUAGE_STANDARD = "gnu++0x";
				CLANG_CXX_LIBRARY = "libc++";
				CLANG_ENABLE_MODULES = YES;
				CLANG_ENABLE_OBJC_ARC = YES;
				CLANG_WARN_BOOL_CONVERSION = YES;
				CLANG_WARN_CONSTANT_CONVERSION = YES;
				CLANG_WARN_DIRECT_OBJC_ISA_USAGE = YES_ERROR;
				CLANG_WARN_EMPTY_BODY = YES;
				CLANG_WARN_ENUM_CONVERSION = YES;
				CLANG_WARN_INT_CONVERSION = YES;
				CLANG_WARN_OBJC_ROOT_CLASS = YES_ERROR;
				CLANG_WARN__DUPLICATE_METHOD_MATCH = YES;
				"CODE_SIGN_IDENTITY[sdk=iphoneos*]" = "iPhone Developer";
				COPY_PHASE_STRIP = YES;
				ENABLE_NS_ASSERTIONS = NO;
				GCC_C_LANGUAGE_STANDARD = gnu99;
				GCC_WARN_64_TO_32_BIT_CONVERSION = YES;
				GCC_WARN_ABOUT_RETURN_TYPE = YES_ERROR;
				GCC_WARN_UNDECLARED_SELECTOR = YES;
				GCC_WARN_UNINITIALIZED_AUTOS = YES_AGGRESSIVE;
				GCC_WARN_UNUSED_FUNCTION = YES;
				GCC_WARN_UNUSED_VARIABLE = YES;
				IPHONEOS_DEPLOYMENT_TARGET = 7.1;
				SDKROOT = iphoneos;
				VALIDATE_PRODUCT = YES;
			};
			name = Release;
		};
		24E37BF4195BC11B00DABF5D /* Debug */ = {
			isa = XCBuildConfiguration;
			buildSettings = {
				ASSETCATALOG_COMPILER_APPICON_NAME = AppIcon;
				ASSETCATALOG_COMPILER_LAUNCHIMAGE_NAME = LaunchImage;
				GCC_PRECOMPILE_PREFIX_HEADER = YES;
				GCC_PREFIX_HEADER = "datapicker/datapicker-Prefix.pch";
				INFOPLIST_FILE = "datapicker/datapicker-Info.plist";
				PRODUCT_NAME = "$(TARGET_NAME)";
				WRAPPER_EXTENSION = app;
			};
			name = Debug;
		};
		24E37BF5195BC11B00DABF5D /* Release */ = {
			isa = XCBuildConfiguration;
			buildSettings = {
				ASSETCATALOG_COMPILER_APPICON_NAME = AppIcon;
				ASSETCATALOG_COMPILER_LAUNCHIMAGE_NAME = LaunchImage;
				GCC_PRECOMPILE_PREFIX_HEADER = YES;
				GCC_PREFIX_HEADER = "datapicker/datapicker-Prefix.pch";
				INFOPLIST_FILE = "datapicker/datapicker-Info.plist";
				PRODUCT_NAME = "$(TARGET_NAME)";
				WRAPPER_EXTENSION = app;
			};
			name = Release;
		};
		24E37BF7195BC11B00DABF5D /* Debug */ = {
			isa = XCBuildConfiguration;
			buildSettings = {
				BUNDLE_LOADER = "$(BUILT_PRODUCTS_DIR)/datapicker.app/datapicker";
				FRAMEWORK_SEARCH_PATHS = (
					"$(SDKROOT)/Developer/Library/Frameworks",
					"$(inherited)",
					"$(DEVELOPER_FRAMEWORKS_DIR)",
				);
				GCC_PRECOMPILE_PREFIX_HEADER = YES;
				GCC_PREFIX_HEADER = "datapicker/datapicker-Prefix.pch";
				GCC_PREPROCESSOR_DEFINITIONS = (
					"DEBUG=1",
					"$(inherited)",
				);
				INFOPLIST_FILE = "datapickerTests/datapickerTests-Info.plist";
				PRODUCT_NAME = "$(TARGET_NAME)";
				TEST_HOST = "$(BUNDLE_LOADER)";
				WRAPPER_EXTENSION = xctest;
			};
			name = Debug;
		};
		24E37BF8195BC11B00DABF5D /* Release */ = {
			isa = XCBuildConfiguration;
			buildSettings = {
				BUNDLE_LOADER = "$(BUILT_PRODUCTS_DIR)/datapicker.app/datapicker";
				FRAMEWORK_SEARCH_PATHS = (
					"$(SDKROOT)/Developer/Library/Frameworks",
					"$(inherited)",
					"$(DEVELOPER_FRAMEWORKS_DIR)",
				);
				GCC_PRECOMPILE_PREFIX_HEADER = YES;
				GCC_PREFIX_HEADER = "datapicker/datapicker-Prefix.pch";
				INFOPLIST_FILE = "datapickerTests/datapickerTests-Info.plist";
				PRODUCT_NAME = "$(TARGET_NAME)";
				TEST_HOST = "$(BUNDLE_LOADER)";
				WRAPPER_EXTENSION = xctest;
			};
			name = Release;
		};
/* End XCBuildConfiguration section */

/* Begin XCConfigurationList section */
		24E37BBC195BC11B00DABF5D /* Build configuration list for PBXProject "datapicker" */ = {
			isa = XCConfigurationList;
			buildConfigurations = (
				24E37BF1195BC11B00DABF5D /* Debug */,
				24E37BF2195BC11B00DABF5D /* Release */,
			);
			defaultConfigurationIsVisible = 0;
			defaultConfigurationName = Release;
		};
		24E37BF3195BC11B00DABF5D /* Build configuration list for PBXNativeTarget "datapicker" */ = {
			isa = XCConfigurationList;
			buildConfigurations = (
				24E37BF4195BC11B00DABF5D /* Debug */,
				24E37BF5195BC11B00DABF5D /* Release */,
			);
			defaultConfigurationIsVisible = 0;
		};
		24E37BF6195BC11B00DABF5D /* Build configuration list for PBXNativeTarget "datapickerTests" */ = {
			isa = XCConfigurationList;
			buildConfigurations = (
				24E37BF7195BC11B00DABF5D /* Debug */,
				24E37BF8195BC11B00DABF5D /* Release */,
			);
			defaultConfigurationIsVisible = 0;
		};
/* End XCConfigurationList section */
	};
	rootObject = 24E37BB9195BC11B00DABF5D /* Project object */;
}
